
Microsoft Visual Studio Solution File, Format Version 12.00
# Visual Studio 15
VisualStudioVersion = 15.0.26430.6
MinimumVisualStudioVersion = 10.0.40219.1
Project("{FAE04EC0-301F-11D3-BF4B-00C04F79EFBC}") = "LabActivity2_Olinares", "LabActivity2_Olinares\LabActivity2_Olinares.csproj", "{22B4A5CD-A3F0-49FE-B59C-8FF13245213A}"
EndProject
Project("{FAE04EC0-301F-11D3-BF4B-00C04F79EFBC}") = "BasicOperations", "BasicOperations\BasicOperations.csproj", "{9E99ED15-DFFE-47A4-B3CD-3AFA7AED33E0}"
EndProject
Project("{FAE04EC0-301F-11D3-BF4B-00C04F79EFBC}") = "ComputeAverage", "ComputeAverage\ComputeAverage.csproj", "{BAD168A3-71EB-46C1-AA81-C5066BC4088F}"
EndProject
Project("{FAE04EC0-301F-11D3-BF4B-00C04F79EFBC}") = "DeclaringConstants", "DeclaringConstants\DeclaringConstants.csproj", "{BAED53B3-9634-4B01-8720-95AD545255A2}"
EndProject
Project("{FAE04EC0-301F-11D3-BF4B-00C04F79EFBC}") = "IfElse", "IfElse\IfElse.csproj", "{381532F6-0493-4A42-B08C-E3D045B75BBF}"
EndProject
Global
	GlobalSection(SolutionConfigurationPlatforms) = preSolution
		Debug|Any CPU = Debug|Any CPU
		Release|Any CPU = Release|Any CPU
	EndGlobalSection
	GlobalSection(ProjectConfigurationPlatforms) = postSolution
		{22B4A5CD-A3F0-49FE-B59C-8FF13245213A}.Debug|Any CPU.ActiveCfg = Debug|Any CPU
		{22B4A5CD-A3F0-49FE-B59C-8FF13245213A}.Debug|Any CPU.Build.0 = Debug|Any CPU
		{22B4A5CD-A3F0-49FE-B59C-8FF13245213A}.Release|Any CPU.ActiveCfg = Release|Any CPU
		{22B4A5CD-A3F0-49FE-B59C-8FF13245213A}.Release|Any CPU.Build.0 = Release|Any CPU
		{9E99ED15-DFFE-47A4-B3CD-3AFA7AED33E0}.Debug|Any CPU.ActiveCfg = Debug|Any CPU
		{9E99ED15-DFFE-47A4-B3CD-3AFA7AED33E0}.Debug|Any CPU.Build.0 = Debug|Any CPU
		{9E99ED15-DFFE-47A4-B3CD-3AFA7AED33E0}.Release|Any CPU.ActiveCfg = Release|Any CPU
		{9E99ED15-DFFE-47A4-B3CD-3AFA7AED33E0}.Release|Any CPU.Build.0 = Release|Any CPU
		{BAD168A3-71EB-46C1-AA81-C5066BC4088F}.Debug|Any CPU.ActiveCfg = Debug|Any CPU
		{BAD168A3-71EB-46C1-AA81-C5066BC4088F}.Debug|Any CPU.Build.0 = Debug|Any CPU
		{BAD168A3-71EB-46C1-AA81-C5066BC4088F}.Release|Any CPU.ActiveCfg = Release|Any CPU
		{BAD168A3-71EB-46C1-AA81-C5066BC4088F}.Release|Any CPU.Build.0 = Release|Any CPU
		{BAED53B3-9634-4B01-8720-95AD545255A2}.Debug|Any CPU.ActiveCfg = Debug|Any CPU
		{BAED53B3-9634-4B01-8720-95AD545255A2}.Debug|Any CPU.Build.0 = Debug|Any CPU
		{BAED53B3-9634-4B01-8720-95AD545255A2}.Release|Any CPU.ActiveCfg = Release|Any CPU
		{BAED53B3-9634-4B01-8720-95AD545255A2}.Release|Any CPU.Build.0 = Release|Any CPU
		{381532F6-0493-4A42-B08C-E3D045B75BBF}.Debug|Any CPU.ActiveCfg = Debug|Any CPU
		{381532F6-0493-4A42-B08C-E3D045B75BBF}.Debug|Any CPU.Build.0 = Debug|Any CPU
		{381532F6-0493-4A42-B08C-E3D045B75BBF}.Release|Any CPU.ActiveCfg = Release|Any CPU
		{381532F6-0493-4A42-B08C-E3D045B75BBF}.Release|Any CPU.Build.0 = Release|Any CPU
	EndGlobalSection
	GlobalSection(SolutionProperties) = preSolution
		HideSolutionNode = FALSE
	EndGlobalSection
EndGlobal
