
Microsoft Visual Studio Solution File, Format Version 12.00
# Visual Studio 15
VisualStudioVersion = 15.0.28307.1000
MinimumVisualStudioVersion = 10.0.40219.1
Project("{FAE04EC0-301F-11D3-BF4B-00C04F79EFBC}") = "ComputeSum", "LabActivity2_Dalabajan\ComputeSum.csproj", "{CA64A5A6-DD13-4128-9CF4-E7B1C0F144F9}"
EndProject
Project("{FAE04EC0-301F-11D3-BF4B-00C04F79EFBC}") = "BasicOperations", "BasicOperations\BasicOperations.csproj", "{3D67B287-0217-440F-B73B-D2A162EF8BAE}"
EndProject
Project("{FAE04EC0-301F-11D3-BF4B-00C04F79EFBC}") = "ComputeAverage", "ComputeAverage\ComputeAverage.csproj", "{1F369B15-886E-4490-8F05-3D5467ABED87}"
EndProject
Project("{FAE04EC0-301F-11D3-BF4B-00C04F79EFBC}") = "DeclaringConstants", "DeclaringConstants\DeclaringConstants.csproj", "{D1E9A899-8285-4A14-A63E-D492B36194BA}"
EndProject
Project("{FAE04EC0-301F-11D3-BF4B-00C04F79EFBC}") = "IfElse", "IfElse\IfElse.csproj", "{57F8D276-1EA5-4571-B972-EDCC3F2D75A7}"
EndProject
Global
	GlobalSection(SolutionConfigurationPlatforms) = preSolution
		Debug|Any CPU = Debug|Any CPU
		Release|Any CPU = Release|Any CPU
	EndGlobalSection
	GlobalSection(ProjectConfigurationPlatforms) = postSolution
		{CA64A5A6-DD13-4128-9CF4-E7B1C0F144F9}.Debug|Any CPU.ActiveCfg = Debug|Any CPU
		{CA64A5A6-DD13-4128-9CF4-E7B1C0F144F9}.Debug|Any CPU.Build.0 = Debug|Any CPU
		{CA64A5A6-DD13-4128-9CF4-E7B1C0F144F9}.Release|Any CPU.ActiveCfg = Release|Any CPU
		{CA64A5A6-DD13-4128-9CF4-E7B1C0F144F9}.Release|Any CPU.Build.0 = Release|Any CPU
		{3D67B287-0217-440F-B73B-D2A162EF8BAE}.Debug|Any CPU.ActiveCfg = Debug|Any CPU
		{3D67B287-0217-440F-B73B-D2A162EF8BAE}.Debug|Any CPU.Build.0 = Debug|Any CPU
		{3D67B287-0217-440F-B73B-D2A162EF8BAE}.Release|Any CPU.ActiveCfg = Release|Any CPU
		{3D67B287-0217-440F-B73B-D2A162EF8BAE}.Release|Any CPU.Build.0 = Release|Any CPU
		{1F369B15-886E-4490-8F05-3D5467ABED87}.Debug|Any CPU.ActiveCfg = Debug|Any CPU
		{1F369B15-886E-4490-8F05-3D5467ABED87}.Debug|Any CPU.Build.0 = Debug|Any CPU
		{1F369B15-886E-4490-8F05-3D5467ABED87}.Release|Any CPU.ActiveCfg = Release|Any CPU
		{1F369B15-886E-4490-8F05-3D5467ABED87}.Release|Any CPU.Build.0 = Release|Any CPU
		{D1E9A899-8285-4A14-A63E-D492B36194BA}.Debug|Any CPU.ActiveCfg = Debug|Any CPU
		{D1E9A899-8285-4A14-A63E-D492B36194BA}.Debug|Any CPU.Build.0 = Debug|Any CPU
		{D1E9A899-8285-4A14-A63E-D492B36194BA}.Release|Any CPU.ActiveCfg = Release|Any CPU
		{D1E9A899-8285-4A14-A63E-D492B36194BA}.Release|Any CPU.Build.0 = Release|Any CPU
		{57F8D276-1EA5-4571-B972-EDCC3F2D75A7}.Debug|Any CPU.ActiveCfg = Debug|Any CPU
		{57F8D276-1EA5-4571-B972-EDCC3F2D75A7}.Debug|Any CPU.Build.0 = Debug|Any CPU
		{57F8D276-1EA5-4571-B972-EDCC3F2D75A7}.Release|Any CPU.ActiveCfg = Release|Any CPU
		{57F8D276-1EA5-4571-B972-EDCC3F2D75A7}.Release|Any CPU.Build.0 = Release|Any CPU
	EndGlobalSection
	GlobalSection(SolutionProperties) = preSolution
		HideSolutionNode = FALSE
	EndGlobalSection
	GlobalSection(ExtensibilityGlobals) = postSolution
		SolutionGuid = {5EB87D6F-0C66-495D-B477-4857A03F5D48}
	EndGlobalSection
EndGlobal
